
Microsoft Visual Studio Solution File, Format Version 12.00
# Visual Studio 2013
VisualStudioVersion = 12.0.21005.1
MinimumVisualStudioVersion = 10.0.40219.1
Project("{FAE04EC0-301F-11D3-BF4B-00C04F79EFBC}") = "Wwfd.Web", "Wwfd.Web\Wwfd.Web.csproj", "{458D2F38-1711-4E80-AAA6-4A819729AEAF}"
EndProject
Project("{FAE04EC0-301F-11D3-BF4B-00C04F79EFBC}") = "Wwfd.Web.Tests", "Wwfd.Web.Tests\Wwfd.Web.Tests.csproj", "{70396867-B910-4FD1-B4E7-FDAF1A5BD376}"
EndProject
Project("{FAE04EC0-301F-11D3-BF4B-00C04F79EFBC}") = "Wwfd.Data", "WWfd.Data\Wwfd.Data.csproj", "{2F26572B-9B5E-4C64-9C50-C7C81ECDBA1E}"
EndProject
Project("{FAE04EC0-301F-11D3-BF4B-00C04F79EFBC}") = "Wwfd.Core", "Wwfd.Core\Wwfd.Core.csproj", "{FBFBA62A-1807-4D90-A69F-FBD985CE8465}"
EndProject
Project("{FAE04EC0-301F-11D3-BF4B-00C04F79EFBC}") = "Wwfd.Api", "Wwfd.Api\Wwfd.Api.csproj", "{2A51C621-EC2A-4EFF-A187-81F787096FD1}"
EndProject
Project("{FAE04EC0-301F-11D3-BF4B-00C04F79EFBC}") = "Wwfd.Services.Public", "Wwfd.Services.Public\Wwfd.Services.Public.csproj", "{454510C5-857A-44AA-AB23-AEB8BCD48CA8}"
EndProject
Project("{FAE04EC0-301F-11D3-BF4B-00C04F79EFBC}") = "Wwfd.Services.Public.Tests", "Wwfd.Services.Public.Tests\Wwfd.Services.Public.Tests.csproj", "{4CB23374-CBC4-4265-BCCE-CB75A3899E31}"
EndProject
Project("{FAE04EC0-301F-11D3-BF4B-00C04F79EFBC}") = "Wwfd.Api.Tests", "Wwfd.Api.Tests\Wwfd.Api.Tests.csproj", "{53C1483F-DCA2-4523-9640-A2D78175FE35}"
EndProject
Project("{2150E333-8FDC-42A3-9474-1A3956D46DE8}") = "Tests", "Tests", "{C077153A-479B-4D27-A854-918433BC7B62}"
EndProject
Project("{2150E333-8FDC-42A3-9474-1A3956D46DE8}") = "Common", "Common", "{E5E6F887-C032-4B43-ADDE-C05439538079}"
EndProject
Project("{2150E333-8FDC-42A3-9474-1A3956D46DE8}") = "Web", "Web", "{F0CEFABD-ABDD-4DF5-8BD3-C8876E74D6A4}"
EndProject
Global
	GlobalSection(SolutionConfigurationPlatforms) = preSolution
		Debug|Any CPU = Debug|Any CPU
		Release|Any CPU = Release|Any CPU
	EndGlobalSection
	GlobalSection(ProjectConfigurationPlatforms) = postSolution
		{458D2F38-1711-4E80-AAA6-4A819729AEAF}.Debug|Any CPU.ActiveCfg = Debug|Any CPU
		{458D2F38-1711-4E80-AAA6-4A819729AEAF}.Debug|Any CPU.Build.0 = Debug|Any CPU
		{458D2F38-1711-4E80-AAA6-4A819729AEAF}.Release|Any CPU.ActiveCfg = Release|Any CPU
		{458D2F38-1711-4E80-AAA6-4A819729AEAF}.Release|Any CPU.Build.0 = Release|Any CPU
		{70396867-B910-4FD1-B4E7-FDAF1A5BD376}.Debug|Any CPU.ActiveCfg = Debug|Any CPU
		{70396867-B910-4FD1-B4E7-FDAF1A5BD376}.Debug|Any CPU.Build.0 = Debug|Any CPU
		{70396867-B910-4FD1-B4E7-FDAF1A5BD376}.Release|Any CPU.ActiveCfg = Release|Any CPU
		{70396867-B910-4FD1-B4E7-FDAF1A5BD376}.Release|Any CPU.Build.0 = Release|Any CPU
		{2F26572B-9B5E-4C64-9C50-C7C81ECDBA1E}.Debug|Any CPU.ActiveCfg = Debug|Any CPU
		{2F26572B-9B5E-4C64-9C50-C7C81ECDBA1E}.Debug|Any CPU.Build.0 = Debug|Any CPU
		{2F26572B-9B5E-4C64-9C50-C7C81ECDBA1E}.Release|Any CPU.ActiveCfg = Release|Any CPU
		{2F26572B-9B5E-4C64-9C50-C7C81ECDBA1E}.Release|Any CPU.Build.0 = Release|Any CPU
		{FBFBA62A-1807-4D90-A69F-FBD985CE8465}.Debug|Any CPU.ActiveCfg = Debug|Any CPU
		{FBFBA62A-1807-4D90-A69F-FBD985CE8465}.Debug|Any CPU.Build.0 = Debug|Any CPU
		{FBFBA62A-1807-4D90-A69F-FBD985CE8465}.Release|Any CPU.ActiveCfg = Release|Any CPU
		{FBFBA62A-1807-4D90-A69F-FBD985CE8465}.Release|Any CPU.Build.0 = Release|Any CPU
		{2A51C621-EC2A-4EFF-A187-81F787096FD1}.Debug|Any CPU.ActiveCfg = Debug|Any CPU
		{2A51C621-EC2A-4EFF-A187-81F787096FD1}.Debug|Any CPU.Build.0 = Debug|Any CPU
		{2A51C621-EC2A-4EFF-A187-81F787096FD1}.Release|Any CPU.ActiveCfg = Release|Any CPU
		{2A51C621-EC2A-4EFF-A187-81F787096FD1}.Release|Any CPU.Build.0 = Release|Any CPU
		{454510C5-857A-44AA-AB23-AEB8BCD48CA8}.Debug|Any CPU.ActiveCfg = Debug|Any CPU
		{454510C5-857A-44AA-AB23-AEB8BCD48CA8}.Debug|Any CPU.Build.0 = Debug|Any CPU
		{454510C5-857A-44AA-AB23-AEB8BCD48CA8}.Release|Any CPU.ActiveCfg = Release|Any CPU
		{454510C5-857A-44AA-AB23-AEB8BCD48CA8}.Release|Any CPU.Build.0 = Release|Any CPU
		{4CB23374-CBC4-4265-BCCE-CB75A3899E31}.Debug|Any CPU.ActiveCfg = Debug|Any CPU
		{4CB23374-CBC4-4265-BCCE-CB75A3899E31}.Debug|Any CPU.Build.0 = Debug|Any CPU
		{4CB23374-CBC4-4265-BCCE-CB75A3899E31}.Release|Any CPU.ActiveCfg = Release|Any CPU
		{4CB23374-CBC4-4265-BCCE-CB75A3899E31}.Release|Any CPU.Build.0 = Release|Any CPU
		{53C1483F-DCA2-4523-9640-A2D78175FE35}.Debug|Any CPU.ActiveCfg = Debug|Any CPU
		{53C1483F-DCA2-4523-9640-A2D78175FE35}.Debug|Any CPU.Build.0 = Debug|Any CPU
		{53C1483F-DCA2-4523-9640-A2D78175FE35}.Release|Any CPU.ActiveCfg = Release|Any CPU
		{53C1483F-DCA2-4523-9640-A2D78175FE35}.Release|Any CPU.Build.0 = Release|Any CPU
	EndGlobalSection
	GlobalSection(SolutionProperties) = preSolution
		HideSolutionNode = FALSE
	EndGlobalSection
	GlobalSection(NestedProjects) = preSolution
		{4CB23374-CBC4-4265-BCCE-CB75A3899E31} = {C077153A-479B-4D27-A854-918433BC7B62}
		{53C1483F-DCA2-4523-9640-A2D78175FE35} = {C077153A-479B-4D27-A854-918433BC7B62}
		{70396867-B910-4FD1-B4E7-FDAF1A5BD376} = {C077153A-479B-4D27-A854-918433BC7B62}
		{FBFBA62A-1807-4D90-A69F-FBD985CE8465} = {E5E6F887-C032-4B43-ADDE-C05439538079}
		{2F26572B-9B5E-4C64-9C50-C7C81ECDBA1E} = {E5E6F887-C032-4B43-ADDE-C05439538079}
		{2A51C621-EC2A-4EFF-A187-81F787096FD1} = {F0CEFABD-ABDD-4DF5-8BD3-C8876E74D6A4}
		{454510C5-857A-44AA-AB23-AEB8BCD48CA8} = {F0CEFABD-ABDD-4DF5-8BD3-C8876E74D6A4}
		{458D2F38-1711-4E80-AAA6-4A819729AEAF} = {F0CEFABD-ABDD-4DF5-8BD3-C8876E74D6A4}
	EndGlobalSection
EndGlobal
