
Microsoft Visual Studio Solution File, Format Version 12.00
# Visual Studio 2013
VisualStudioVersion = 12.0.30501.0
MinimumVisualStudioVersion = 10.0.40219.1
Project("{FAE04EC0-301F-11D3-BF4B-00C04F79EFBC}") = "Wwfd.Web.Mvc", "Wwfd.Web\Wwfd.Web.Mvc.csproj", "{458D2F38-1711-4E80-AAA6-4A819729AEAF}"
EndProject
Project("{FAE04EC0-301F-11D3-BF4B-00C04F79EFBC}") = "Wwfd.Data", "WWfd.Data\Wwfd.Data.csproj", "{2F26572B-9B5E-4C64-9C50-C7C81ECDBA1E}"
EndProject
Project("{FAE04EC0-301F-11D3-BF4B-00C04F79EFBC}") = "Wwfd.Core", "Wwfd.Core\Wwfd.Core.csproj", "{FBFBA62A-1807-4D90-A69F-FBD985CE8465}"
EndProject
Project("{2150E333-8FDC-42A3-9474-1A3956D46DE8}") = "Common", "Common", "{E5E6F887-C032-4B43-ADDE-C05439538079}"
EndProject
Project("{2150E333-8FDC-42A3-9474-1A3956D46DE8}") = "Web", "Web", "{F0CEFABD-ABDD-4DF5-8BD3-C8876E74D6A4}"
EndProject
Project("{FAE04EC0-301F-11D3-BF4B-00C04F79EFBC}") = "Wwfd.Data.CodeFirst", "Wwfd.Data.CodeFirst\Wwfd.Data.CodeFirst.csproj", "{CE9FD280-4EE9-4C67-9BE2-F38DC3C99A59}"
EndProject
Project("{FAE04EC0-301F-11D3-BF4B-00C04F79EFBC}") = "ProgramTester", "CodeFirstTest\ProgramTester.csproj", "{AF8530E4-5230-4268-908B-56201252A25D}"
EndProject
Project("{FAE04EC0-301F-11D3-BF4B-00C04F79EFBC}") = "Wwfd.Web.Api", "Wwfd.Api.TEst\Wwfd.Web.Api.csproj", "{EAB611B3-3298-430C-894D-82CF191DEDB9}"
EndProject
Project("{2150E333-8FDC-42A3-9474-1A3956D46DE8}") = "Data", "Data", "{7364E07D-BAFC-47F1-AEEE-4E771A579758}"
EndProject
Global
	GlobalSection(SolutionConfigurationPlatforms) = preSolution
		Debug|Any CPU = Debug|Any CPU
		Release|Any CPU = Release|Any CPU
	EndGlobalSection
	GlobalSection(ProjectConfigurationPlatforms) = postSolution
		{458D2F38-1711-4E80-AAA6-4A819729AEAF}.Debug|Any CPU.ActiveCfg = Debug|Any CPU
		{458D2F38-1711-4E80-AAA6-4A819729AEAF}.Debug|Any CPU.Build.0 = Debug|Any CPU
		{458D2F38-1711-4E80-AAA6-4A819729AEAF}.Release|Any CPU.ActiveCfg = Release|Any CPU
		{458D2F38-1711-4E80-AAA6-4A819729AEAF}.Release|Any CPU.Build.0 = Release|Any CPU
		{2F26572B-9B5E-4C64-9C50-C7C81ECDBA1E}.Debug|Any CPU.ActiveCfg = Debug|Any CPU
		{2F26572B-9B5E-4C64-9C50-C7C81ECDBA1E}.Debug|Any CPU.Build.0 = Debug|Any CPU
		{2F26572B-9B5E-4C64-9C50-C7C81ECDBA1E}.Release|Any CPU.ActiveCfg = Release|Any CPU
		{2F26572B-9B5E-4C64-9C50-C7C81ECDBA1E}.Release|Any CPU.Build.0 = Release|Any CPU
		{FBFBA62A-1807-4D90-A69F-FBD985CE8465}.Debug|Any CPU.ActiveCfg = Debug|Any CPU
		{FBFBA62A-1807-4D90-A69F-FBD985CE8465}.Debug|Any CPU.Build.0 = Debug|Any CPU
		{FBFBA62A-1807-4D90-A69F-FBD985CE8465}.Release|Any CPU.ActiveCfg = Release|Any CPU
		{FBFBA62A-1807-4D90-A69F-FBD985CE8465}.Release|Any CPU.Build.0 = Release|Any CPU
		{CE9FD280-4EE9-4C67-9BE2-F38DC3C99A59}.Debug|Any CPU.ActiveCfg = Debug|Any CPU
		{CE9FD280-4EE9-4C67-9BE2-F38DC3C99A59}.Debug|Any CPU.Build.0 = Debug|Any CPU
		{CE9FD280-4EE9-4C67-9BE2-F38DC3C99A59}.Release|Any CPU.ActiveCfg = Release|Any CPU
		{CE9FD280-4EE9-4C67-9BE2-F38DC3C99A59}.Release|Any CPU.Build.0 = Release|Any CPU
		{AF8530E4-5230-4268-908B-56201252A25D}.Debug|Any CPU.ActiveCfg = Debug|Any CPU
		{AF8530E4-5230-4268-908B-56201252A25D}.Debug|Any CPU.Build.0 = Debug|Any CPU
		{AF8530E4-5230-4268-908B-56201252A25D}.Release|Any CPU.ActiveCfg = Release|Any CPU
		{AF8530E4-5230-4268-908B-56201252A25D}.Release|Any CPU.Build.0 = Release|Any CPU
		{EAB611B3-3298-430C-894D-82CF191DEDB9}.Debug|Any CPU.ActiveCfg = Debug|Any CPU
		{EAB611B3-3298-430C-894D-82CF191DEDB9}.Debug|Any CPU.Build.0 = Debug|Any CPU
		{EAB611B3-3298-430C-894D-82CF191DEDB9}.Release|Any CPU.ActiveCfg = Release|Any CPU
		{EAB611B3-3298-430C-894D-82CF191DEDB9}.Release|Any CPU.Build.0 = Release|Any CPU
	EndGlobalSection
	GlobalSection(SolutionProperties) = preSolution
		HideSolutionNode = FALSE
	EndGlobalSection
	GlobalSection(NestedProjects) = preSolution
		{458D2F38-1711-4E80-AAA6-4A819729AEAF} = {F0CEFABD-ABDD-4DF5-8BD3-C8876E74D6A4}
		{2F26572B-9B5E-4C64-9C50-C7C81ECDBA1E} = {7364E07D-BAFC-47F1-AEEE-4E771A579758}
		{FBFBA62A-1807-4D90-A69F-FBD985CE8465} = {E5E6F887-C032-4B43-ADDE-C05439538079}
		{CE9FD280-4EE9-4C67-9BE2-F38DC3C99A59} = {7364E07D-BAFC-47F1-AEEE-4E771A579758}
		{AF8530E4-5230-4268-908B-56201252A25D} = {E5E6F887-C032-4B43-ADDE-C05439538079}
		{EAB611B3-3298-430C-894D-82CF191DEDB9} = {F0CEFABD-ABDD-4DF5-8BD3-C8876E74D6A4}
	EndGlobalSection
EndGlobal
